
Microsoft Visual Studio Solution File, Format Version 12.00
# Visual Studio Version 17
VisualStudioVersion = 17.10.35013.160
MinimumVisualStudioVersion = 10.0.40219.1
Project("{FAE04EC0-301F-11D3-BF4B-00C04F79EFBC}") = "Permit console", "Permit console\Permit console.csproj", "{5B5767C2-CCCB-4737-AD99-B114DE7B860D}"
EndProject
Global
	GlobalSection(SolutionConfigurationPlatforms) = preSolution
		Debug|Any CPU = Debug|Any CPU
		Release|Any CPU = Release|Any CPU
	EndGlobalSection
	GlobalSection(ProjectConfigurationPlatforms) = postSolution
		{5B5767C2-CCCB-4737-AD99-B114DE7B860D}.Debug|Any CPU.ActiveCfg = Debug|Any CPU
		{5B5767C2-CCCB-4737-AD99-B114DE7B860D}.Debug|Any CPU.Build.0 = Debug|Any CPU
		{5B5767C2-CCCB-4737-AD99-B114DE7B860D}.Release|Any CPU.ActiveCfg = Release|Any CPU
		{5B5767C2-CCCB-4737-AD99-B114DE7B860D}.Release|Any CPU.Build.0 = Release|Any CPU
	EndGlobalSection
	GlobalSection(SolutionProperties) = preSolution
		HideSolutionNode = FALSE
	EndGlobalSection
	GlobalSection(ExtensibilityGlobals) = postSolution
		SolutionGuid = {95EB657F-5D94-4D47-851F-97B44A7B1462}
	EndGlobalSection
EndGlobal
