
Microsoft Visual Studio Solution File, Format Version 12.00
# Visual Studio Version 17
VisualStudioVersion = 17.10.35013.160
MinimumVisualStudioVersion = 10.0.40219.1
Project("{FAE04EC0-301F-11D3-BF4B-00C04F79EFBC}") = "PluginExercise", "PluginExercise\PluginExercise.csproj", "{BB62611B-84E5-46DA-82EB-9C048A14B158}"
EndProject
Global
	GlobalSection(SolutionConfigurationPlatforms) = preSolution
		Debug|Any CPU = Debug|Any CPU
		Release|Any CPU = Release|Any CPU
	EndGlobalSection
	GlobalSection(ProjectConfigurationPlatforms) = postSolution
		{BB62611B-84E5-46DA-82EB-9C048A14B158}.Debug|Any CPU.ActiveCfg = Debug|Any CPU
		{BB62611B-84E5-46DA-82EB-9C048A14B158}.Debug|Any CPU.Build.0 = Debug|Any CPU
		{BB62611B-84E5-46DA-82EB-9C048A14B158}.Release|Any CPU.ActiveCfg = Release|Any CPU
		{BB62611B-84E5-46DA-82EB-9C048A14B158}.Release|Any CPU.Build.0 = Release|Any CPU
	EndGlobalSection
	GlobalSection(SolutionProperties) = preSolution
		HideSolutionNode = FALSE
	EndGlobalSection
	GlobalSection(ExtensibilityGlobals) = postSolution
		SolutionGuid = {BDC6FDD6-17E8-44E6-A2B3-60836D2128B5}
	EndGlobalSection
EndGlobal
